
Microsoft Visual Studio Solution File, Format Version 12.00
# Visual Studio 15
VisualStudioVersion = 15.0.28307.106
MinimumVisualStudioVersion = 10.0.40219.1
Project("{FAE04EC0-301F-11D3-BF4B-00C04F79EFBC}") = "ShopRPG", "ShopRPG\ShopRPG.csproj", "{97EDC36A-C111-42C4-9A27-7947FB244053}"
EndProject
Global
	GlobalSection(SolutionConfigurationPlatforms) = preSolution
		Debug|Any CPU = Debug|Any CPU
		Release|Any CPU = Release|Any CPU
	EndGlobalSection
	GlobalSection(ProjectConfigurationPlatforms) = postSolution
		{97EDC36A-C111-42C4-9A27-7947FB244053}.Debug|Any CPU.ActiveCfg = Debug|Any CPU
		{97EDC36A-C111-42C4-9A27-7947FB244053}.Debug|Any CPU.Build.0 = Debug|Any CPU
		{97EDC36A-C111-42C4-9A27-7947FB244053}.Release|Any CPU.ActiveCfg = Release|Any CPU
		{97EDC36A-C111-42C4-9A27-7947FB244053}.Release|Any CPU.Build.0 = Release|Any CPU
	EndGlobalSection
	GlobalSection(SolutionProperties) = preSolution
		HideSolutionNode = FALSE
	EndGlobalSection
	GlobalSection(ExtensibilityGlobals) = postSolution
		SolutionGuid = {9DE79B66-84DD-4FDD-8AB2-B2ECFE0017F9}
	EndGlobalSection
EndGlobal
